
Microsoft Visual Studio Solution File, Format Version 12.00
# Visual Studio 14
VisualStudioVersion = 14.0.24720.0
MinimumVisualStudioVersion = 10.0.40219.1
Project("{FAE04EC0-301F-11D3-BF4B-00C04F79EFBC}") = "Coincheck", "coincheck\Coincheck.csproj", "{720DC6B3-41D3-4166-BE61-95DBE6F61288}"
EndProject
Project("{FAE04EC0-301F-11D3-BF4B-00C04F79EFBC}") = "Unittest", "unittest\Unittest.csproj", "{190FA9C2-EA17-4D63-91C3-EEA6888C6C71}"
EndProject
Global
	GlobalSection(SolutionConfigurationPlatforms) = preSolution
		Debug|Any CPU = Debug|Any CPU
		Release|Any CPU = Release|Any CPU
	EndGlobalSection
	GlobalSection(ProjectConfigurationPlatforms) = postSolution
		{720DC6B3-41D3-4166-BE61-95DBE6F61288}.Debug|Any CPU.ActiveCfg = Debug|Any CPU
		{720DC6B3-41D3-4166-BE61-95DBE6F61288}.Debug|Any CPU.Build.0 = Debug|Any CPU
		{720DC6B3-41D3-4166-BE61-95DBE6F61288}.Release|Any CPU.ActiveCfg = Release|Any CPU
		{720DC6B3-41D3-4166-BE61-95DBE6F61288}.Release|Any CPU.Build.0 = Release|Any CPU
		{190FA9C2-EA17-4D63-91C3-EEA6888C6C71}.Debug|Any CPU.ActiveCfg = Debug|Any CPU
		{190FA9C2-EA17-4D63-91C3-EEA6888C6C71}.Debug|Any CPU.Build.0 = Debug|Any CPU
		{190FA9C2-EA17-4D63-91C3-EEA6888C6C71}.Release|Any CPU.ActiveCfg = Release|Any CPU
		{190FA9C2-EA17-4D63-91C3-EEA6888C6C71}.Release|Any CPU.Build.0 = Release|Any CPU
	EndGlobalSection
	GlobalSection(SolutionProperties) = preSolution
		HideSolutionNode = FALSE
	EndGlobalSection
EndGlobal
